# This file is automatically @generated by Cargo.
# It is not intended for manual editing.
version = 3

[[package]]
name = "apool"
version = "0.1.3"
dependencies = [
 "smallvec",
 "tokio",
]

[[package]]
name = "pin-project-lite"
version = "0.2.7"
source = "registry+https://github.com/rust-lang/crates.io-index"
checksum = "8d31d11c69a6b52a174b42bdc0c30e5e11670f90788b2c471c31c1d17d449443"

[[package]]
name = "smallvec"
version = "1.6.1"
source = "registry+https://github.com/rust-lang/crates.io-index"
checksum = "fe0f37c9e8f3c5a4a66ad655a93c74daac4ad00c441533bf5c6e7990bb42604e"

[[package]]
name = "tokio"
version = "1.18.4"
source = "registry+https://github.com/rust-lang/crates.io-index"
checksum = "8bfb875c82dc0a4f1f37a30e720dee181a2b3a06a428b0fc6873ea38d6407850"
dependencies = [
 "pin-project-lite",
]
